
Microsoft Visual Studio Solution File, Format Version 12.00
# Visual Studio 15
VisualStudioVersion = 15.0.26730.12
MinimumVisualStudioVersion = 10.0.40219.1
Project("{FAE04EC0-301F-11D3-BF4B-00C04F79EFBC}") = "Bookstore", "Bookstore\Bookstore.csproj", "{50C94ACA-746F-4331-8DF7-3455D55F4A97}"
EndProject
Project("{FAE04EC0-301F-11D3-BF4B-00C04F79EFBC}") = "UnitTestBookstore", "UnitTestBookstore\UnitTestBookstore.csproj", "{A7107312-3E97-4D6E-A7C3-1E26853C2930}"
EndProject
Global
	GlobalSection(SolutionConfigurationPlatforms) = preSolution
		Debug|Any CPU = Debug|Any CPU
		Release|Any CPU = Release|Any CPU
	EndGlobalSection
	GlobalSection(ProjectConfigurationPlatforms) = postSolution
		{50C94ACA-746F-4331-8DF7-3455D55F4A97}.Debug|Any CPU.ActiveCfg = Debug|Any CPU
		{50C94ACA-746F-4331-8DF7-3455D55F4A97}.Debug|Any CPU.Build.0 = Debug|Any CPU
		{50C94ACA-746F-4331-8DF7-3455D55F4A97}.Release|Any CPU.ActiveCfg = Release|Any CPU
		{50C94ACA-746F-4331-8DF7-3455D55F4A97}.Release|Any CPU.Build.0 = Release|Any CPU
		{A7107312-3E97-4D6E-A7C3-1E26853C2930}.Debug|Any CPU.ActiveCfg = Debug|Any CPU
		{A7107312-3E97-4D6E-A7C3-1E26853C2930}.Debug|Any CPU.Build.0 = Debug|Any CPU
		{A7107312-3E97-4D6E-A7C3-1E26853C2930}.Release|Any CPU.ActiveCfg = Release|Any CPU
		{A7107312-3E97-4D6E-A7C3-1E26853C2930}.Release|Any CPU.Build.0 = Release|Any CPU
	EndGlobalSection
	GlobalSection(SolutionProperties) = preSolution
		HideSolutionNode = FALSE
	EndGlobalSection
	GlobalSection(ExtensibilityGlobals) = postSolution
		SolutionGuid = {0685700B-3580-4A14-A197-FF1D46E47283}
	EndGlobalSection
EndGlobal
